# THIS IS AN AUTOGENERATED FILE. DO NOT EDIT THIS FILE DIRECTLY.
# yarn lockfile v1


"@parcel/plugin@^2.0.0-alpha.3":
  version "2.0.0-alpha.3"
  resolved "https://registry.yarnpkg.com/@parcel/plugin/-/plugin-2.0.0-alpha.3.tgz#ff9215d0c522ff60692aca7ef6abaa95243f564a"
  integrity sha512-2nfjd7ujL042gP7ssJ4JRyxEirp5Fuz+Vf4sk4aky3oWVuY9YmUqce0UNUMaIlh911xERo5uagy1jYOSa7gp6g==
  dependencies:
    "@parcel/types" "^2.0.0-alpha.3"

"@parcel/types@^2.0.0-alpha.3":
  version "2.0.0-alpha.3"
  resolved "https://registry.yarnpkg.com/@parcel/types/-/types-2.0.0-alpha.3.tgz#b2911c0e3b7756b70cbfc79a432b464b41d214c1"
  integrity sha512-n4c346lpwhEUFJ3Xv4DUAATLnAqdKkNfEqFW+bfnS8WFBl3bUlaJW4JqHYQ63enoEvMKoD5Rs9/WrhqZ71X8Dg==

mime-db@1.47.0:
  version "1.47.0"
  resolved "https://registry.yarnpkg.com/mime-db/-/mime-db-1.47.0.tgz#8cb313e59965d3c05cfbf898915a267af46a335c"
  integrity sha512-QBmA/G2y+IfeS4oktet3qRZ+P5kPhCKRXxXnQEudYqUaEioAU1/Lq2us3D/t1Jfo4hE9REQPrbB7K5sOczJVIw==

mime-types@^2.1.30:
  version "2.1.30"
  resolved "https://registry.yarnpkg.com/mime-types/-/mime-types-2.1.30.tgz#6e7be8b4c479825f85ed6326695db73f9305d62d"
  integrity sha512-crmjA4bLtR8m9qLpHvgxSChT+XoSlZi8J4n/aIdn3z92e/U47Z0V/yl+Wh9W046GgFVAmoNR/fmdbZYcSSIUeg==
  dependencies:
    mime-db "1.47.0"
